// !$*UTF8*$!
{
	archiveVersion = 1;
	classes = {
	};
	objectVersion = 56;
	objects = {

/* Begin PBXBuildFile section */
		4C5ECFAB29916B080047EBE7 /* AppDelegate.swift in Sources */ = {isa = PBXBuildFile; fileRef = 4C5ECFAA29916B080047EBE7 /* AppDelegate.swift */; };
		4C5ECFAD29916B080047EBE7 /* SceneDelegate.swift in Sources */ = {isa = PBXBuildFile; fileRef = 4C5ECFAC29916B080047EBE7 /* SceneDelegate.swift */; };
		4C5ECFAF29916B080047EBE7 /* SetGameViewController.swift in Sources */ = {isa = PBXBuildFile; fileRef = 4C5ECFAE29916B080047EBE7 /* SetGameViewController.swift */; };
		4C5ECFB229916B080047EBE7 /* Main.storyboard in Resources */ = {isa = PBXBuildFile; fileRef = 4C5ECFB029916B080047EBE7 /* Main.storyboard */; };
		4C5ECFB429916B090047EBE7 /* Assets.xcassets in Resources */ = {isa = PBXBuildFile; fileRef = 4C5ECFB329916B090047EBE7 /* Assets.xcassets */; };
		4C5ECFB729916B090047EBE7 /* LaunchScreen.storyboard in Resources */ = {isa = PBXBuildFile; fileRef = 4C5ECFB529916B090047EBE7 /* LaunchScreen.storyboard */; };
		4C5ECFBF29917C900047EBE7 /* SetGame.swift in Sources */ = {isa = PBXBuildFile; fileRef = 4C5ECFBE29917C900047EBE7 /* SetGame.swift */; };
		4C5ECFC129917CB70047EBE7 /* SetCardData.swift in Sources */ = {isa = PBXBuildFile; fileRef = 4C5ECFC029917CB70047EBE7 /* SetCardData.swift */; };
		4C8E621429A7AA12007A9410 /* ConcentrationCardModel.swift in Sources */ = {isa = PBXBuildFile; fileRef = 4C8E621129A7AA12007A9410 /* ConcentrationCardModel.swift */; };
		4C8E621529A7AA12007A9410 /* ConcentrationGameModel.swift in Sources */ = {isa = PBXBuildFile; fileRef = 4C8E621229A7AA12007A9410 /* ConcentrationGameModel.swift */; };
		4C8E621629A7AA12007A9410 /* ConcentrationGameTheme.swift in Sources */ = {isa = PBXBuildFile; fileRef = 4C8E621329A7AA12007A9410 /* ConcentrationGameTheme.swift */; };
		4C8E621829A7AA9D007A9410 /* ConcentrationGameViewController.swift in Sources */ = {isa = PBXBuildFile; fileRef = 4C8E621729A7AA9D007A9410 /* ConcentrationGameViewController.swift */; };
		4C8E621A29A829C1007A9410 /* ConcentrationThemeChooserViewController.swift in Sources */ = {isa = PBXBuildFile; fileRef = 4C8E621929A829C1007A9410 /* ConcentrationThemeChooserViewController.swift */; };
		4C8E621C29A83242007A9410 /* SmoothTabBarController.swift in Sources */ = {isa = PBXBuildFile; fileRef = 4C8E621B29A83242007A9410 /* SmoothTabBarController.swift */; };
		4C9397F7299E31E8000107CD /* SetCardView.swift in Sources */ = {isa = PBXBuildFile; fileRef = 4C9397F6299E31E8000107CD /* SetCardView.swift */; };
		4C9397F9299E3213000107CD /* SetCardView.xib in Resources */ = {isa = PBXBuildFile; fileRef = 4C9397F8299E3213000107CD /* SetCardView.xib */; };
		4C939801299E5DC0000107CD /* SET_GameUITests.swift in Sources */ = {isa = PBXBuildFile; fileRef = 4C939800299E5DC0000107CD /* SET_GameUITests.swift */; };
		4C939803299E5DC0000107CD /* SET_GameUITestsLaunchTests.swift in Sources */ = {isa = PBXBuildFile; fileRef = 4C939802299E5DC0000107CD /* SET_GameUITestsLaunchTests.swift */; };
		4CCF69BA29924CF800697FAE /* SetGameTheme.swift in Sources */ = {isa = PBXBuildFile; fileRef = 4CCF69B929924CF800697FAE /* SetGameTheme.swift */; };
		4CF3662A29A586EA00F7F4D6 /* SetLogoView.xib in Resources */ = {isa = PBXBuildFile; fileRef = 4CF3662829A586EA00F7F4D6 /* SetLogoView.xib */; };
		4CF3662B29A586EA00F7F4D6 /* SetLogoView.swift in Sources */ = {isa = PBXBuildFile; fileRef = 4CF3662929A586EA00F7F4D6 /* SetLogoView.swift */; };
/* End PBXBuildFile section */

/* Begin PBXContainerItemProxy section */
		4C939804299E5DC0000107CD /* PBXContainerItemProxy */ = {
			isa = PBXContainerItemProxy;
			containerPortal = 4C5ECF9F29916B080047EBE7 /* Project object */;
			proxyType = 1;
			remoteGlobalIDString = 4C5ECFA629916B080047EBE7;
			remoteInfo = "SET Game";
		};
/* End PBXContainerItemProxy section */

/* Begin PBXFileReference section */
		4C5ECFA729916B080047EBE7 /* SET Game.app */ = {isa = PBXFileReference; explicitFileType = wrapper.application; includeInIndex = 0; path = "SET Game.app"; sourceTree = BUILT_PRODUCTS_DIR; };
		4C5ECFAA29916B080047EBE7 /* AppDelegate.swift */ = {isa = PBXFileReference; lastKnownFileType = sourcecode.swift; path = AppDelegate.swift; sourceTree = "<group>"; };
		4C5ECFAC29916B080047EBE7 /* SceneDelegate.swift */ = {isa = PBXFileReference; lastKnownFileType = sourcecode.swift; path = SceneDelegate.swift; sourceTree = "<group>"; };
		4C5ECFAE29916B080047EBE7 /* SetGameViewController.swift */ = {isa = PBXFileReference; lastKnownFileType = sourcecode.swift; path = SetGameViewController.swift; sourceTree = "<group>"; };
		4C5ECFB129916B080047EBE7 /* Base */ = {isa = PBXFileReference; lastKnownFileType = file.storyboard; name = Base; path = Base.lproj/Main.storyboard; sourceTree = "<group>"; };
		4C5ECFB329916B090047EBE7 /* Assets.xcassets */ = {isa = PBXFileReference; lastKnownFileType = folder.assetcatalog; path = Assets.xcassets; sourceTree = "<group>"; };
		4C5ECFB629916B090047EBE7 /* Base */ = {isa = PBXFileReference; lastKnownFileType = file.storyboard; name = Base; path = Base.lproj/LaunchScreen.storyboard; sourceTree = "<group>"; };
		4C5ECFB829916B090047EBE7 /* Info.plist */ = {isa = PBXFileReference; lastKnownFileType = text.plist.xml; path = Info.plist; sourceTree = "<group>"; };
		4C5ECFBE29917C900047EBE7 /* SetGame.swift */ = {isa = PBXFileReference; lastKnownFileType = sourcecode.swift; path = SetGame.swift; sourceTree = "<group>"; };
		4C5ECFC029917CB70047EBE7 /* SetCardData.swift */ = {isa = PBXFileReference; lastKnownFileType = sourcecode.swift; path = SetCardData.swift; sourceTree = "<group>"; };
		4C8E621129A7AA12007A9410 /* ConcentrationCardModel.swift */ = {isa = PBXFileReference; fileEncoding = 4; lastKnownFileType = sourcecode.swift; path = ConcentrationCardModel.swift; sourceTree = "<group>"; };
		4C8E621229A7AA12007A9410 /* ConcentrationGameModel.swift */ = {isa = PBXFileReference; fileEncoding = 4; lastKnownFileType = sourcecode.swift; path = ConcentrationGameModel.swift; sourceTree = "<group>"; };
		4C8E621329A7AA12007A9410 /* ConcentrationGameTheme.swift */ = {isa = PBXFileReference; fileEncoding = 4; lastKnownFileType = sourcecode.swift; path = ConcentrationGameTheme.swift; sourceTree = "<group>"; };
		4C8E621729A7AA9D007A9410 /* ConcentrationGameViewController.swift */ = {isa = PBXFileReference; fileEncoding = 4; lastKnownFileType = sourcecode.swift; path = ConcentrationGameViewController.swift; sourceTree = "<group>"; };
		4C8E621929A829C1007A9410 /* ConcentrationThemeChooserViewController.swift */ = {isa = PBXFileReference; lastKnownFileType = sourcecode.swift; path = ConcentrationThemeChooserViewController.swift; sourceTree = "<group>"; };
		4C8E621B29A83242007A9410 /* SmoothTabBarController.swift */ = {isa = PBXFileReference; lastKnownFileType = sourcecode.swift; path = SmoothTabBarController.swift; sourceTree = "<group>"; };
		4C9397F6299E31E8000107CD /* SetCardView.swift */ = {isa = PBXFileReference; lastKnownFileType = sourcecode.swift; path = SetCardView.swift; sourceTree = "<group>"; };
		4C9397F8299E3213000107CD /* SetCardView.xib */ = {isa = PBXFileReference; lastKnownFileType = file.xib; path = SetCardView.xib; sourceTree = "<group>"; };
		4C9397FE299E5DC0000107CD /* SET GameUITests.xctest */ = {isa = PBXFileReference; explicitFileType = wrapper.cfbundle; includeInIndex = 0; path = "SET GameUITests.xctest"; sourceTree = BUILT_PRODUCTS_DIR; };
		4C939800299E5DC0000107CD /* SET_GameUITests.swift */ = {isa = PBXFileReference; lastKnownFileType = sourcecode.swift; path = SET_GameUITests.swift; sourceTree = "<group>"; };
		4C939802299E5DC0000107CD /* SET_GameUITestsLaunchTests.swift */ = {isa = PBXFileReference; lastKnownFileType = sourcecode.swift; path = SET_GameUITestsLaunchTests.swift; sourceTree = "<group>"; };
		4CCF69B929924CF800697FAE /* SetGameTheme.swift */ = {isa = PBXFileReference; lastKnownFileType = sourcecode.swift; path = SetGameTheme.swift; sourceTree = "<group>"; };
		4CF3662829A586EA00F7F4D6 /* SetLogoView.xib */ = {isa = PBXFileReference; fileEncoding = 4; lastKnownFileType = file.xib; path = SetLogoView.xib; sourceTree = "<group>"; };
		4CF3662929A586EA00F7F4D6 /* SetLogoView.swift */ = {isa = PBXFileReference; fileEncoding = 4; lastKnownFileType = sourcecode.swift; path = SetLogoView.swift; sourceTree = "<group>"; };
/* End PBXFileReference section */

/* Begin PBXFrameworksBuildPhase section */
		4C5ECFA429916B080047EBE7 /* Frameworks */ = {
			isa = PBXFrameworksBuildPhase;
			buildActionMask = 2147483647;
			files = (
			);
			runOnlyForDeploymentPostprocessing = 0;
		};
		4C9397FB299E5DC0000107CD /* Frameworks */ = {
			isa = PBXFrameworksBuildPhase;
			buildActionMask = 2147483647;
			files = (
			);
			runOnlyForDeploymentPostprocessing = 0;
		};
/* End PBXFrameworksBuildPhase section */

/* Begin PBXGroup section */
		4C5ECF9E29916B080047EBE7 = {
			isa = PBXGroup;
			children = (
				4C5ECFA929916B080047EBE7 /* SET Game */,
				4C9397FF299E5DC0000107CD /* SET GameUITests */,
				4C5ECFA829916B080047EBE7 /* Products */,
			);
			sourceTree = "<group>";
		};
		4C5ECFA829916B080047EBE7 /* Products */ = {
			isa = PBXGroup;
			children = (
				4C5ECFA729916B080047EBE7 /* SET Game.app */,
				4C9397FE299E5DC0000107CD /* SET GameUITests.xctest */,
			);
			name = Products;
			sourceTree = "<group>";
		};
		4C5ECFA929916B080047EBE7 /* SET Game */ = {
			isa = PBXGroup;
			children = (
				4C5ECFAA29916B080047EBE7 /* AppDelegate.swift */,
				4C5ECFAC29916B080047EBE7 /* SceneDelegate.swift */,
				4C5ECFB029916B080047EBE7 /* Main.storyboard */,
				4C5ECFB529916B090047EBE7 /* LaunchScreen.storyboard */,
				4C8E621B29A83242007A9410 /* SmoothTabBarController.swift */,
				4C8E620F29A7A9B3007A9410 /* Concentration Game Files */,
				4C73BB1429A5869600846D1B /* SET Game Files */,
				4C5ECFB329916B090047EBE7 /* Assets.xcassets */,
				4C5ECFB829916B090047EBE7 /* Info.plist */,
			);
			path = "SET Game";
			sourceTree = "<group>";
		};
		4C73BB1429A5869600846D1B /* SET Game Files */ = {
			isa = PBXGroup;
			children = (
				4C5ECFAE29916B080047EBE7 /* SetGameViewController.swift */,
				4CCF69B929924CF800697FAE /* SetGameTheme.swift */,
				4C5ECFBE29917C900047EBE7 /* SetGame.swift */,
				4C5ECFC029917CB70047EBE7 /* SetCardData.swift */,
				4CF3662729A586EA00F7F4D6 /* Set Logo */,
				4C9397F5299E31DF000107CD /* Set Card View */,
			);
			path = "SET Game Files";
			sourceTree = "<group>";
		};
		4C8E620F29A7A9B3007A9410 /* Concentration Game Files */ = {
			isa = PBXGroup;
			children = (
				4C8E621729A7AA9D007A9410 /* ConcentrationGameViewController.swift */,
				4C8E621929A829C1007A9410 /* ConcentrationThemeChooserViewController.swift */,
				4C8E621029A7AA12007A9410 /* Concentration Game Data */,
			);
			path = "Concentration Game Files";
			sourceTree = "<group>";
		};
		4C8E621029A7AA12007A9410 /* Concentration Game Data */ = {
			isa = PBXGroup;
			children = (
				4C8E621129A7AA12007A9410 /* ConcentrationCardModel.swift */,
				4C8E621229A7AA12007A9410 /* ConcentrationGameModel.swift */,
				4C8E621329A7AA12007A9410 /* ConcentrationGameTheme.swift */,
			);
			path = "Concentration Game Data";
			sourceTree = "<group>";
		};
		4C9397F5299E31DF000107CD /* Set Card View */ = {
			isa = PBXGroup;
			children = (
				4C9397F6299E31E8000107CD /* SetCardView.swift */,
				4C9397F8299E3213000107CD /* SetCardView.xib */,
			);
			path = "Set Card View";
			sourceTree = "<group>";
		};
		4C9397FF299E5DC0000107CD /* SET GameUITests */ = {
			isa = PBXGroup;
			children = (
				4C939800299E5DC0000107CD /* SET_GameUITests.swift */,
				4C939802299E5DC0000107CD /* SET_GameUITestsLaunchTests.swift */,
			);
			path = "SET GameUITests";
			sourceTree = "<group>";
		};
		4CF3662729A586EA00F7F4D6 /* Set Logo */ = {
			isa = PBXGroup;
			children = (
				4CF3662829A586EA00F7F4D6 /* SetLogoView.xib */,
				4CF3662929A586EA00F7F4D6 /* SetLogoView.swift */,
			);
			path = "Set Logo";
			sourceTree = "<group>";
		};
/* End PBXGroup section */

/* Begin PBXNativeTarget section */
		4C5ECFA629916B080047EBE7 /* SET Game */ = {
			isa = PBXNativeTarget;
			buildConfigurationList = 4C5ECFBB29916B090047EBE7 /* Build configuration list for PBXNativeTarget "SET Game" */;
			buildPhases = (
				4C5ECFA329916B080047EBE7 /* Sources */,
				4C5ECFA429916B080047EBE7 /* Frameworks */,
				4C5ECFA529916B080047EBE7 /* Resources */,
			);
			buildRules = (
			);
			dependencies = (
			);
			name = "SET Game";
			productName = "SET Game";
			productReference = 4C5ECFA729916B080047EBE7 /* SET Game.app */;
			productType = "com.apple.product-type.application";
		};
		4C9397FD299E5DC0000107CD /* SET GameUITests */ = {
			isa = PBXNativeTarget;
			buildConfigurationList = 4C939806299E5DC0000107CD /* Build configuration list for PBXNativeTarget "SET GameUITests" */;
			buildPhases = (
				4C9397FA299E5DC0000107CD /* Sources */,
				4C9397FB299E5DC0000107CD /* Frameworks */,
				4C9397FC299E5DC0000107CD /* Resources */,
			);
			buildRules = (
			);
			dependencies = (
				4C939805299E5DC0000107CD /* PBXTargetDependency */,
			);
			name = "SET GameUITests";
			productName = "SET GameUITests";
			productReference = 4C9397FE299E5DC0000107CD /* SET GameUITests.xctest */;
			productType = "com.apple.product-type.bundle.ui-testing";
		};
/* End PBXNativeTarget section */

/* Begin PBXProject section */
		4C5ECF9F29916B080047EBE7 /* Project object */ = {
			isa = PBXProject;
			attributes = {
				BuildIndependentTargetsInParallel = 1;
				LastSwiftUpdateCheck = 1420;
				LastUpgradeCheck = 1420;
				TargetAttributes = {
					4C5ECFA629916B080047EBE7 = {
						CreatedOnToolsVersion = 14.2;
					};
					4C9397FD299E5DC0000107CD = {
						CreatedOnToolsVersion = 14.2;
						TestTargetID = 4C5ECFA629916B080047EBE7;
					};
				};
			};
			buildConfigurationList = 4C5ECFA229916B080047EBE7 /* Build configuration list for PBXProject "SET Game" */;
			compatibilityVersion = "Xcode 14.0";
			developmentRegion = en;
			hasScannedForEncodings = 0;
			knownRegions = (
				en,
				Base,
			);
			mainGroup = 4C5ECF9E29916B080047EBE7;
			productRefGroup = 4C5ECFA829916B080047EBE7 /* Products */;
			projectDirPath = "";
			projectRoot = "";
			targets = (
				4C5ECFA629916B080047EBE7 /* SET Game */,
				4C9397FD299E5DC0000107CD /* SET GameUITests */,
			);
		};
/* End PBXProject section */

/* Begin PBXResourcesBuildPhase section */
		4C5ECFA529916B080047EBE7 /* Resources */ = {
			isa = PBXResourcesBuildPhase;
			buildActionMask = 2147483647;
			files = (
				4C5ECFB729916B090047EBE7 /* LaunchScreen.storyboard in Resources */,
				4C9397F9299E3213000107CD /* SetCardView.xib in Resources */,
				4CF3662A29A586EA00F7F4D6 /* SetLogoView.xib in Resources */,
				4C5ECFB429916B090047EBE7 /* Assets.xcassets in Resources */,
				4C5ECFB229916B080047EBE7 /* Main.storyboard in Resources */,
			);
			runOnlyForDeploymentPostprocessing = 0;
		};
		4C9397FC299E5DC0000107CD /* Resources */ = {
			isa = PBXResourcesBuildPhase;
			buildActionMask = 2147483647;
			files = (
			);
			runOnlyForDeploymentPostprocessing = 0;
		};
/* End PBXResourcesBuildPhase section */

/* Begin PBXSourcesBuildPhase section */
		4C5ECFA329916B080047EBE7 /* Sources */ = {
			isa = PBXSourcesBuildPhase;
			buildActionMask = 2147483647;
			files = (
				4C8E621C29A83242007A9410 /* SmoothTabBarController.swift in Sources */,
				4C9397F7299E31E8000107CD /* SetCardView.swift in Sources */,
				4CCF69BA29924CF800697FAE /* SetGameTheme.swift in Sources */,
				4CF3662B29A586EA00F7F4D6 /* SetLogoView.swift in Sources */,
				4C5ECFC129917CB70047EBE7 /* SetCardData.swift in Sources */,
				4C8E621A29A829C1007A9410 /* ConcentrationThemeChooserViewController.swift in Sources */,
				4C8E621629A7AA12007A9410 /* ConcentrationGameTheme.swift in Sources */,
				4C5ECFAF29916B080047EBE7 /* SetGameViewController.swift in Sources */,
				4C8E621829A7AA9D007A9410 /* ConcentrationGameViewController.swift in Sources */,
				4C5ECFAB29916B080047EBE7 /* AppDelegate.swift in Sources */,
				4C5ECFBF29917C900047EBE7 /* SetGame.swift in Sources */,
				4C8E621529A7AA12007A9410 /* ConcentrationGameModel.swift in Sources */,
				4C8E621429A7AA12007A9410 /* ConcentrationCardModel.swift in Sources */,
				4C5ECFAD29916B080047EBE7 /* SceneDelegate.swift in Sources */,
			);
			runOnlyForDeploymentPostprocessing = 0;
		};
		4C9397FA299E5DC0000107CD /* Sources */ = {
			isa = PBXSourcesBuildPhase;
			buildActionMask = 2147483647;
			files = (
				4C939803299E5DC0000107CD /* SET_GameUITestsLaunchTests.swift in Sources */,
				4C939801299E5DC0000107CD /* SET_GameUITests.swift in Sources */,
			);
			runOnlyForDeploymentPostprocessing = 0;
		};
/* End PBXSourcesBuildPhase section */

/* Begin PBXTargetDependency section */
		4C939805299E5DC0000107CD /* PBXTargetDependency */ = {
			isa = PBXTargetDependency;
			target = 4C5ECFA629916B080047EBE7 /* SET Game */;
			targetProxy = 4C939804299E5DC0000107CD /* PBXContainerItemProxy */;
		};
/* End PBXTargetDependency section */

/* Begin PBXVariantGroup section */
		4C5ECFB029916B080047EBE7 /* Main.storyboard */ = {
			isa = PBXVariantGroup;
			children = (
				4C5ECFB129916B080047EBE7 /* Base */,
			);
			name = Main.storyboard;
			sourceTree = "<group>";
		};
		4C5ECFB529916B090047EBE7 /* LaunchScreen.storyboard */ = {
			isa = PBXVariantGroup;
			children = (
				4C5ECFB629916B090047EBE7 /* Base */,
			);
			name = LaunchScreen.storyboard;
			sourceTree = "<group>";
		};
/* End PBXVariantGroup section */

/* Begin XCBuildConfiguration section */
		4C5ECFB929916B090047EBE7 /* Debug */ = {
			isa = XCBuildConfiguration;
			buildSettings = {
				ALWAYS_SEARCH_USER_PATHS = NO;
				CLANG_ANALYZER_NONNULL = YES;
				CLANG_ANALYZER_NUMBER_OBJECT_CONVERSION = YES_AGGRESSIVE;
				CLANG_CXX_LANGUAGE_STANDARD = "gnu++20";
				CLANG_ENABLE_MODULES = YES;
				CLANG_ENABLE_OBJC_ARC = YES;
				CLANG_ENABLE_OBJC_WEAK = YES;
				CLANG_WARN_BLOCK_CAPTURE_AUTORELEASING = YES;
				CLANG_WARN_BOOL_CONVERSION = YES;
				CLANG_WARN_COMMA = YES;
				CLANG_WARN_CONSTANT_CONVERSION = YES;
				CLANG_WARN_DEPRECATED_OBJC_IMPLEMENTATIONS = YES;
				CLANG_WARN_DIRECT_OBJC_ISA_USAGE = YES_ERROR;
				CLANG_WARN_DOCUMENTATION_COMMENTS = YES;
				CLANG_WARN_EMPTY_BODY = YES;
				CLANG_WARN_ENUM_CONVERSION = YES;
				CLANG_WARN_INFINITE_RECURSION = YES;
				CLANG_WARN_INT_CONVERSION = YES;
				CLANG_WARN_NON_LITERAL_NULL_CONVERSION = YES;
				CLANG_WARN_OBJC_IMPLICIT_RETAIN_SELF = YES;
				CLANG_WARN_OBJC_LITERAL_CONVERSION = YES;
				CLANG_WARN_OBJC_ROOT_CLASS = YES_ERROR;
				CLANG_WARN_QUOTED_INCLUDE_IN_FRAMEWORK_HEADER = YES;
				CLANG_WARN_RANGE_LOOP_ANALYSIS = YES;
				CLANG_WARN_STRICT_PROTOTYPES = YES;
				CLANG_WARN_SUSPICIOUS_MOVE = YES;
				CLANG_WARN_UNGUARDED_AVAILABILITY = YES_AGGRESSIVE;
				CLANG_WARN_UNREACHABLE_CODE = YES;
				CLANG_WARN__DUPLICATE_METHOD_MATCH = YES;
				COPY_PHASE_STRIP = NO;
				DEBUG_INFORMATION_FORMAT = dwarf;
				ENABLE_STRICT_OBJC_MSGSEND = YES;
				ENABLE_TESTABILITY = YES;
				GCC_C_LANGUAGE_STANDARD = gnu11;
				GCC_DYNAMIC_NO_PIC = NO;
				GCC_NO_COMMON_BLOCKS = YES;
				GCC_OPTIMIZATION_LEVEL = 0;
				GCC_PREPROCESSOR_DEFINITIONS = (
					"DEBUG=1",
					"$(inherited)",
				);
				GCC_WARN_64_TO_32_BIT_CONVERSION = YES;
				GCC_WARN_ABOUT_RETURN_TYPE = YES_ERROR;
				GCC_WARN_UNDECLARED_SELECTOR = YES;
				GCC_WARN_UNINITIALIZED_AUTOS = YES_AGGRESSIVE;
				GCC_WARN_UNUSED_FUNCTION = YES;
				GCC_WARN_UNUSED_VARIABLE = YES;
				IPHONEOS_DEPLOYMENT_TARGET = 16.2;
				MTL_ENABLE_DEBUG_INFO = INCLUDE_SOURCE;
				MTL_FAST_MATH = YES;
				ONLY_ACTIVE_ARCH = YES;
				SDKROOT = iphoneos;
				SWIFT_ACTIVE_COMPILATION_CONDITIONS = DEBUG;
				SWIFT_OPTIMIZATION_LEVEL = "-Onone";
			};
			name = Debug;
		};
		4C5ECFBA29916B090047EBE7 /* Release */ = {
			isa = XCBuildConfiguration;
			buildSettings = {
				ALWAYS_SEARCH_USER_PATHS = NO;
				CLANG_ANALYZER_NONNULL = YES;
				CLANG_ANALYZER_NUMBER_OBJECT_CONVERSION = YES_AGGRESSIVE;
				CLANG_CXX_LANGUAGE_STANDARD = "gnu++20";
				CLANG_ENABLE_MODULES = YES;
				CLANG_ENABLE_OBJC_ARC = YES;
				CLANG_ENABLE_OBJC_WEAK = YES;
				CLANG_WARN_BLOCK_CAPTURE_AUTORELEASING = YES;
				CLANG_WARN_BOOL_CONVERSION = YES;
				CLANG_WARN_COMMA = YES;
				CLANG_WARN_CONSTANT_CONVERSION = YES;
				CLANG_WARN_DEPRECATED_OBJC_IMPLEMENTATIONS = YES;
				CLANG_WARN_DIRECT_OBJC_ISA_USAGE = YES_ERROR;
				CLANG_WARN_DOCUMENTATION_COMMENTS = YES;
				CLANG_WARN_EMPTY_BODY = YES;
				CLANG_WARN_ENUM_CONVERSION = YES;
				CLANG_WARN_INFINITE_RECURSION = YES;
				CLANG_WARN_INT_CONVERSION = YES;
				CLANG_WARN_NON_LITERAL_NULL_CONVERSION = YES;
				CLANG_WARN_OBJC_IMPLICIT_RETAIN_SELF = YES;
				CLANG_WARN_OBJC_LITERAL_CONVERSION = YES;
				CLANG_WARN_OBJC_ROOT_CLASS = YES_ERROR;
				CLANG_WARN_QUOTED_INCLUDE_IN_FRAMEWORK_HEADER = YES;
				CLANG_WARN_RANGE_LOOP_ANALYSIS = YES;
				CLANG_WARN_STRICT_PROTOTYPES = YES;
				CLANG_WARN_SUSPICIOUS_MOVE = YES;
				CLANG_WARN_UNGUARDED_AVAILABILITY = YES_AGGRESSIVE;
				CLANG_WARN_UNREACHABLE_CODE = YES;
				CLANG_WARN__DUPLICATE_METHOD_MATCH = YES;
				COPY_PHASE_STRIP = NO;
				DEBUG_INFORMATION_FORMAT = "dwarf-with-dsym";
				ENABLE_NS_ASSERTIONS = NO;
				ENABLE_STRICT_OBJC_MSGSEND = YES;
				GCC_C_LANGUAGE_STANDARD = gnu11;
				GCC_NO_COMMON_BLOCKS = YES;
				GCC_WARN_64_TO_32_BIT_CONVERSION = YES;
				GCC_WARN_ABOUT_RETURN_TYPE = YES_ERROR;
				GCC_WARN_UNDECLARED_SELECTOR = YES;
				GCC_WARN_UNINITIALIZED_AUTOS = YES_AGGRESSIVE;
				GCC_WARN_UNUSED_FUNCTION = YES;
				GCC_WARN_UNUSED_VARIABLE = YES;
				IPHONEOS_DEPLOYMENT_TARGET = 16.2;
				MTL_ENABLE_DEBUG_INFO = NO;
				MTL_FAST_MATH = YES;
				SDKROOT = iphoneos;
				SWIFT_COMPILATION_MODE = wholemodule;
				SWIFT_OPTIMIZATION_LEVEL = "-O";
				VALIDATE_PRODUCT = YES;
			};
			name = Release;
		};
		4C5ECFBC29916B090047EBE7 /* Debug */ = {
			isa = XCBuildConfiguration;
			buildSettings = {
				ASSETCATALOG_COMPILER_APPICON_NAME = AppIcon;
				ASSETCATALOG_COMPILER_GLOBAL_ACCENT_COLOR_NAME = AccentColor;
				CODE_SIGN_STYLE = Automatic;
				CURRENT_PROJECT_VERSION = 1;
				DEVELOPMENT_TEAM = Q3P95MDH6Q;
				GENERATE_INFOPLIST_FILE = YES;
				INFOPLIST_FILE = "SET Game/Info.plist";
				INFOPLIST_KEY_UIApplicationSupportsIndirectInputEvents = YES;
				INFOPLIST_KEY_UILaunchStoryboardName = LaunchScreen;
				INFOPLIST_KEY_UIMainStoryboardFile = Main;
				INFOPLIST_KEY_UISupportedInterfaceOrientations_iPad = "UIInterfaceOrientationPortrait UIInterfaceOrientationPortraitUpsideDown UIInterfaceOrientationLandscapeLeft UIInterfaceOrientationLandscapeRight";
				INFOPLIST_KEY_UISupportedInterfaceOrientations_iPhone = "UIInterfaceOrientationPortrait UIInterfaceOrientationLandscapeLeft UIInterfaceOrientationLandscapeRight";
				IPHONEOS_DEPLOYMENT_TARGET = 15.3;
				LD_RUNPATH_SEARCH_PATHS = (
					"$(inherited)",
					"@executable_path/Frameworks",
				);
				MARKETING_VERSION = 1.0;
				PRODUCT_BUNDLE_IDENTIFIER = "none.SET-Game";
				PRODUCT_NAME = "$(TARGET_NAME)";
				SWIFT_EMIT_LOC_STRINGS = YES;
				SWIFT_VERSION = 5.0;
				TARGETED_DEVICE_FAMILY = "1,2";
			};
			name = Debug;
		};
		4C5ECFBD29916B090047EBE7 /* Release */ = {
			isa = XCBuildConfiguration;
			buildSettings = {
				ASSETCATALOG_COMPILER_APPICON_NAME = AppIcon;
				ASSETCATALOG_COMPILER_GLOBAL_ACCENT_COLOR_NAME = AccentColor;
				CODE_SIGN_STYLE = Automatic;
				CURRENT_PROJECT_VERSION = 1;
				DEVELOPMENT_TEAM = Q3P95MDH6Q;
				GENERATE_INFOPLIST_FILE = YES;
				INFOPLIST_FILE = "SET Game/Info.plist";
				INFOPLIST_KEY_UIApplicationSupportsIndirectInputEvents = YES;
				INFOPLIST_KEY_UILaunchStoryboardName = LaunchScreen;
				INFOPLIST_KEY_UIMainStoryboardFile = Main;
				INFOPLIST_KEY_UISupportedInterfaceOrientations_iPad = "UIInterfaceOrientationPortrait UIInterfaceOrientationPortraitUpsideDown UIInterfaceOrientationLandscapeLeft UIInterfaceOrientationLandscapeRight";
				INFOPLIST_KEY_UISupportedInterfaceOrientations_iPhone = "UIInterfaceOrientationPortrait UIInterfaceOrientationLandscapeLeft UIInterfaceOrientationLandscapeRight";
				IPHONEOS_DEPLOYMENT_TARGET = 15.3;
				LD_RUNPATH_SEARCH_PATHS = (
					"$(inherited)",
					"@executable_path/Frameworks",
				);
				MARKETING_VERSION = 1.0;
				PRODUCT_BUNDLE_IDENTIFIER = "none.SET-Game";
				PRODUCT_NAME = "$(TARGET_NAME)";
				SWIFT_EMIT_LOC_STRINGS = YES;
				SWIFT_VERSION = 5.0;
				TARGETED_DEVICE_FAMILY = "1,2";
			};
			name = Release;
		};
		4C939807299E5DC0000107CD /* Debug */ = {
			isa = XCBuildConfiguration;
			buildSettings = {
				CODE_SIGN_STYLE = Automatic;
				CURRENT_PROJECT_VERSION = 1;
				DEVELOPMENT_TEAM = Q3P95MDH6Q;
				GENERATE_INFOPLIST_FILE = YES;
				MARKETING_VERSION = 1.0;
				PRODUCT_BUNDLE_IDENTIFIER = "none.SET-GameUITests";
				PRODUCT_NAME = "$(TARGET_NAME)";
				SWIFT_EMIT_LOC_STRINGS = NO;
				SWIFT_VERSION = 5.0;
				TARGETED_DEVICE_FAMILY = "1,2";
				TEST_TARGET_NAME = "SET Game";
			};
			name = Debug;
		};
		4C939808299E5DC0000107CD /* Release */ = {
			isa = XCBuildConfiguration;
			buildSettings = {
				CODE_SIGN_STYLE = Automatic;
				CURRENT_PROJECT_VERSION = 1;
				DEVELOPMENT_TEAM = Q3P95MDH6Q;
				GENERATE_INFOPLIST_FILE = YES;
				MARKETING_VERSION = 1.0;
				PRODUCT_BUNDLE_IDENTIFIER = "none.SET-GameUITests";
				PRODUCT_NAME = "$(TARGET_NAME)";
				SWIFT_EMIT_LOC_STRINGS = NO;
				SWIFT_VERSION = 5.0;
				TARGETED_DEVICE_FAMILY = "1,2";
				TEST_TARGET_NAME = "SET Game";
			};
			name = Release;
		};
/* End XCBuildConfiguration section */

/* Begin XCConfigurationList section */
		4C5ECFA229916B080047EBE7 /* Build configuration list for PBXProject "SET Game" */ = {
			isa = XCConfigurationList;
			buildConfigurations = (
				4C5ECFB929916B090047EBE7 /* Debug */,
				4C5ECFBA29916B090047EBE7 /* Release */,
			);
			defaultConfigurationIsVisible = 0;
			defaultConfigurationName = Release;
		};
		4C5ECFBB29916B090047EBE7 /* Build configuration list for PBXNativeTarget "SET Game" */ = {
			isa = XCConfigurationList;
			buildConfigurations = (
				4C5ECFBC29916B090047EBE7 /* Debug */,
				4C5ECFBD29916B090047EBE7 /* Release */,
			);
			defaultConfigurationIsVisible = 0;
			defaultConfigurationName = Release;
		};
		4C939806299E5DC0000107CD /* Build configuration list for PBXNativeTarget "SET GameUITests" */ = {
			isa = XCConfigurationList;
			buildConfigurations = (
				4C939807299E5DC0000107CD /* Debug */,
				4C939808299E5DC0000107CD /* Release */,
			);
			defaultConfigurationIsVisible = 0;
			defaultConfigurationName = Release;
		};
/* End XCConfigurationList section */
	};
	rootObject = 4C5ECF9F29916B080047EBE7 /* Project object */;
}
